
Microsoft Visual Studio Solution File, Format Version 12.00
# Visual Studio 15
VisualStudioVersion = 15.0.28307.329
MinimumVisualStudioVersion = 10.0.40219.1
Project("{FAE04EC0-301F-11D3-BF4B-00C04F79EFBC}") = "Dijkstra", "Dijkstra\Dijkstra.csproj", "{70804F7A-D853-4A31-BE56-096D4E1101D6}"
EndProject
Global
	GlobalSection(SolutionConfigurationPlatforms) = preSolution
		Debug|Any CPU = Debug|Any CPU
		Release|Any CPU = Release|Any CPU
	EndGlobalSection
	GlobalSection(ProjectConfigurationPlatforms) = postSolution
		{70804F7A-D853-4A31-BE56-096D4E1101D6}.Debug|Any CPU.ActiveCfg = Debug|Any CPU
		{70804F7A-D853-4A31-BE56-096D4E1101D6}.Debug|Any CPU.Build.0 = Debug|Any CPU
		{70804F7A-D853-4A31-BE56-096D4E1101D6}.Release|Any CPU.ActiveCfg = Release|Any CPU
		{70804F7A-D853-4A31-BE56-096D4E1101D6}.Release|Any CPU.Build.0 = Release|Any CPU
	EndGlobalSection
	GlobalSection(SolutionProperties) = preSolution
		HideSolutionNode = FALSE
	EndGlobalSection
	GlobalSection(ExtensibilityGlobals) = postSolution
		SolutionGuid = {0C7F694B-4724-48A4-9603-0DBAF309AC29}
	EndGlobalSection
EndGlobal
